
Microsoft Visual Studio Solution File, Format Version 12.00
# Visual Studio Version 17
VisualStudioVersion = 17.9.34607.119
MinimumVisualStudioVersion = 10.0.40219.1
Project("{FAE04EC0-301F-11D3-BF4B-00C04F79EFBC}") = "TravAudioControler - v 3", "TravAudioControler - v 3\TravAudioControler - v 3.csproj", "{1F74AC31-DDA4-46C8-9692-B4C7DCAA1207}"
EndProject
Global
	GlobalSection(SolutionConfigurationPlatforms) = preSolution
		Debug|Any CPU = Debug|Any CPU
		Release|Any CPU = Release|Any CPU
	EndGlobalSection
	GlobalSection(ProjectConfigurationPlatforms) = postSolution
		{1F74AC31-DDA4-46C8-9692-B4C7DCAA1207}.Debug|Any CPU.ActiveCfg = Debug|Any CPU
		{1F74AC31-DDA4-46C8-9692-B4C7DCAA1207}.Debug|Any CPU.Build.0 = Debug|Any CPU
		{1F74AC31-DDA4-46C8-9692-B4C7DCAA1207}.Release|Any CPU.ActiveCfg = Release|Any CPU
		{1F74AC31-DDA4-46C8-9692-B4C7DCAA1207}.Release|Any CPU.Build.0 = Release|Any CPU
	EndGlobalSection
	GlobalSection(SolutionProperties) = preSolution
		HideSolutionNode = FALSE
	EndGlobalSection
	GlobalSection(ExtensibilityGlobals) = postSolution
		SolutionGuid = {AEDBF72D-8417-46E5-80A4-577CE25AD5F5}
	EndGlobalSection
EndGlobal
